
Microsoft Visual Studio Solution File, Format Version 12.00
# Visual Studio 15
VisualStudioVersion = 15.0.28010.2003
MinimumVisualStudioVersion = 10.0.40219.1
Project("{FAE04EC0-301F-11D3-BF4B-00C04F79EFBC}") = "dotnetCorePostgresPi", "dotnetCorePostgresPi\dotnetCorePostgresPi.csproj", "{CC422992-BB5E-442E-A765-47B9D34D4F6D}"
EndProject
Global
	GlobalSection(SolutionConfigurationPlatforms) = preSolution
		Debug|Any CPU = Debug|Any CPU
		Release|Any CPU = Release|Any CPU
	EndGlobalSection
	GlobalSection(ProjectConfigurationPlatforms) = postSolution
		{CC422992-BB5E-442E-A765-47B9D34D4F6D}.Debug|Any CPU.ActiveCfg = Debug|Any CPU
		{CC422992-BB5E-442E-A765-47B9D34D4F6D}.Debug|Any CPU.Build.0 = Debug|Any CPU
		{CC422992-BB5E-442E-A765-47B9D34D4F6D}.Release|Any CPU.ActiveCfg = Release|Any CPU
		{CC422992-BB5E-442E-A765-47B9D34D4F6D}.Release|Any CPU.Build.0 = Release|Any CPU
	EndGlobalSection
	GlobalSection(SolutionProperties) = preSolution
		HideSolutionNode = FALSE
	EndGlobalSection
	GlobalSection(ExtensibilityGlobals) = postSolution
		SolutionGuid = {FBCBF383-48B1-4D21-8C71-EA527268C43D}
	EndGlobalSection
EndGlobal
