
Microsoft Visual Studio Solution File, Format Version 12.00
# Visual Studio 15
VisualStudioVersion = 15.0.27703.2026
MinimumVisualStudioVersion = 10.0.40219.1
Project("{9A19103F-16F7-4668-BE54-9A1E7A4F7556}") = "MumanalPG", "MumanalPG\MumanalPG.csproj", "{4D4151F1-0A40-4BFA-B9FA-0AEE9FA0BC23}"
EndProject
Global
	GlobalSection(SolutionConfigurationPlatforms) = preSolution
		Debug|Any CPU = Debug|Any CPU
		Release|Any CPU = Release|Any CPU
	EndGlobalSection
	GlobalSection(ProjectConfigurationPlatforms) = postSolution
		{4D4151F1-0A40-4BFA-B9FA-0AEE9FA0BC23}.Debug|Any CPU.ActiveCfg = Debug|Any CPU
		{4D4151F1-0A40-4BFA-B9FA-0AEE9FA0BC23}.Debug|Any CPU.Build.0 = Debug|Any CPU
		{4D4151F1-0A40-4BFA-B9FA-0AEE9FA0BC23}.Release|Any CPU.ActiveCfg = Release|Any CPU
		{4D4151F1-0A40-4BFA-B9FA-0AEE9FA0BC23}.Release|Any CPU.Build.0 = Release|Any CPU
	EndGlobalSection
	GlobalSection(SolutionProperties) = preSolution
		HideSolutionNode = FALSE
	EndGlobalSection
	GlobalSection(ExtensibilityGlobals) = postSolution
		SolutionGuid = {BB6E1063-9C76-4D4B-A1FE-114BBDBA580A}
	EndGlobalSection
EndGlobal
